// !$*UTF8*$!
{
	archiveVersion = 1;
	classes = {
	};
	objectVersion = 55;
	objects = {

/* Begin PBXBuildFile section */
		2208352427FDE6620025EE18 /* TabSwiftMoreUIView.swift in Sources */ = {isa = PBXBuildFile; fileRef = 2208352327FDE6620025EE18 /* TabSwiftMoreUIView.swift */; };
		2208352627FDE79B0025EE18 /* FeedbackSwiftUIView.swift in Sources */ = {isa = PBXBuildFile; fileRef = 2208352527FDE79B0025EE18 /* FeedbackSwiftUIView.swift */; };
		223114AE27FF7CE400EF8AC9 /* DashBoardSwiftUIView.swift in Sources */ = {isa = PBXBuildFile; fileRef = 223114AD27FF7CE400EF8AC9 /* DashBoardSwiftUIView.swift */; };
		223114B027FF88BE00EF8AC9 /* WebViewModel.swift in Sources */ = {isa = PBXBuildFile; fileRef = 223114AF27FF88BE00EF8AC9 /* WebViewModel.swift */; };
		223114B227FFA07900EF8AC9 /* LoginSessionViewSwiftUIView.swift in Sources */ = {isa = PBXBuildFile; fileRef = 223114B127FFA07900EF8AC9 /* LoginSessionViewSwiftUIView.swift */; };
		22AABD0727FCC251004C6B30 /* VideoArkOfSuffering.swift in Sources */ = {isa = PBXBuildFile; fileRef = 22AABD0627FCC251004C6B30 /* VideoArkOfSuffering.swift */; };
		22DD029127F63C68004D0144 /* ManageUserFromAWS.swift in Sources */ = {isa = PBXBuildFile; fileRef = 22DD029027F63C68004D0144 /* ManageUserFromAWS.swift */; };
		22DD029327F644C0004D0144 /* CreateAccountSwiftUIView.swift in Sources */ = {isa = PBXBuildFile; fileRef = 22DD029227F644C0004D0144 /* CreateAccountSwiftUIView.swift */; };
		22EBA8B127F8612B006BF6D3 /* DBHelper.swift in Sources */ = {isa = PBXBuildFile; fileRef = 22EBA8B027F8612B006BF6D3 /* DBHelper.swift */; };
		22EDDAF227F52FE20075F49C /* LoginSwiftUIView.swift in Sources */ = {isa = PBXBuildFile; fileRef = 22EDDAF127F52FE20075F49C /* LoginSwiftUIView.swift */; };
		22EE79B32800336B00BAE961 /* InvoiceSwiftUIView.swift in Sources */ = {isa = PBXBuildFile; fileRef = 22EE79B22800336B00BAE961 /* InvoiceSwiftUIView.swift */; };
		22EE79B52800510000BAE961 /* TabDocumentsSwiftUIView.swift in Sources */ = {isa = PBXBuildFile; fileRef = 22EE79B42800510000BAE961 /* TabDocumentsSwiftUIView.swift */; };
		22FBF75C27FF318B009EAB92 /* coolAnimals.mp4 in Resources */ = {isa = PBXBuildFile; fileRef = 22FBF75B27FF318B009EAB92 /* coolAnimals.mp4 */; };
		22FEA1AC27FCB9600007838E /* ManageCreateAccount.swift in Sources */ = {isa = PBXBuildFile; fileRef = 22FEA1AB27FCB9600007838E /* ManageCreateAccount.swift */; };
		22FFCD0C27F7C62E00B22DE3 /* KeyChainManage.swift in Sources */ = {isa = PBXBuildFile; fileRef = 22FFCD0B27F7C62E00B22DE3 /* KeyChainManage.swift */; };
		7868E1F128046AE500FF7DF1 /* PayTabView.swift in Sources */ = {isa = PBXBuildFile; fileRef = 7868E1E328046AE500FF7DF1 /* PayTabView.swift */; };
		7868E1F228046AE500FF7DF1 /* PaymentCard.swift in Sources */ = {isa = PBXBuildFile; fileRef = 7868E1E528046AE500FF7DF1 /* PaymentCard.swift */; };
		7868E1F328046AE500FF7DF1 /* OtherPay.swift in Sources */ = {isa = PBXBuildFile; fileRef = 7868E1E628046AE500FF7DF1 /* OtherPay.swift */; };
		7868E1F428046AE500FF7DF1 /* CartManager.swift in Sources */ = {isa = PBXBuildFile; fileRef = 7868E1E828046AE500FF7DF1 /* CartManager.swift */; };
		7868E1F528046AE500FF7DF1 /* PaymentHandler.swift in Sources */ = {isa = PBXBuildFile; fileRef = 7868E1E928046AE500FF7DF1 /* PaymentHandler.swift */; };
		7868E1F628046AE500FF7DF1 /* DefaultPaymentMethodConvoy.swift in Sources */ = {isa = PBXBuildFile; fileRef = 7868E1EB28046AE500FF7DF1 /* DefaultPaymentMethodConvoy.swift */; };
		7868E1F728046AE500FF7DF1 /* applyPayButton.swift in Sources */ = {isa = PBXBuildFile; fileRef = 7868E1EC28046AE500FF7DF1 /* applyPayButton.swift */; };
		7868E1F828046AE500FF7DF1 /* ApplePayManager.swift in Sources */ = {isa = PBXBuildFile; fileRef = 7868E1ED28046AE500FF7DF1 /* ApplePayManager.swift */; };
		7868E1F928046AE500FF7DF1 /* PaymentButton.swift in Sources */ = {isa = PBXBuildFile; fileRef = 7868E1EE28046AE500FF7DF1 /* PaymentButton.swift */; };
		7868E1FA28046AE500FF7DF1 /* UserDefaultsExpander.swift in Sources */ = {isa = PBXBuildFile; fileRef = 7868E1EF28046AE500FF7DF1 /* UserDefaultsExpander.swift */; };
		7868E1FB28046AE500FF7DF1 /* ApplePayView.swift in Sources */ = {isa = PBXBuildFile; fileRef = 7868E1F028046AE500FF7DF1 /* ApplePayView.swift */; };
		7868E20228046AF400FF7DF1 /* CSTabView.swift in Sources */ = {isa = PBXBuildFile; fileRef = 7868E1FD28046AF400FF7DF1 /* CSTabView.swift */; };
		7868E20328046AF400FF7DF1 /* LocationAssistant.swift in Sources */ = {isa = PBXBuildFile; fileRef = 7868E1FF28046AF400FF7DF1 /* LocationAssistant.swift */; };
		7868E20428046AF400FF7DF1 /* CustomAnnotationMapView.swift in Sources */ = {isa = PBXBuildFile; fileRef = 7868E20028046AF400FF7DF1 /* CustomAnnotationMapView.swift */; };
		7868E20528046AF400FF7DF1 /* T2View.swift in Sources */ = {isa = PBXBuildFile; fileRef = 7868E20128046AF400FF7DF1 /* T2View.swift */; };
		7868E20728046B9C00FF7DF1 /* Product.swift in Sources */ = {isa = PBXBuildFile; fileRef = 7868E20628046B9C00FF7DF1 /* Product.swift */; };
		84701D7E27FE1F6600430964 /* StorePlace.swift in Sources */ = {isa = PBXBuildFile; fileRef = 84701D7D27FE1F6600430964 /* StorePlace.swift */; };
		84701D8027FE239A00430964 /* UtilityModelController.swift in Sources */ = {isa = PBXBuildFile; fileRef = 84701D7F27FE239A00430964 /* UtilityModelController.swift */; };
		84701D8227FE390900430964 /* Functions.swift in Sources */ = {isa = PBXBuildFile; fileRef = 84701D8127FE390900430964 /* Functions.swift */; };
		84701D8427FE391E00430964 /* Containers.swift in Sources */ = {isa = PBXBuildFile; fileRef = 84701D8327FE391E00430964 /* Containers.swift */; };
		84701D8727FE511800430964 /* DetailView.swift in Sources */ = {isa = PBXBuildFile; fileRef = 84701D8627FE511800430964 /* DetailView.swift */; };
		84701D8927FE512F00430964 /* StoreView.swift in Sources */ = {isa = PBXBuildFile; fileRef = 84701D8827FE512F00430964 /* StoreView.swift */; };
		84701D8B27FE51E500430964 /* CartView.swift in Sources */ = {isa = PBXBuildFile; fileRef = 84701D8A27FE51E500430964 /* CartView.swift */; };
		84701D8D27FE574900430964 /* ViewCell.swift in Sources */ = {isa = PBXBuildFile; fileRef = 84701D8C27FE574900430964 /* ViewCell.swift */; };
		84701D8F27FEA4D000430964 /* tabs.swift in Sources */ = {isa = PBXBuildFile; fileRef = 84701D8E27FEA4D000430964 /* tabs.swift */; };
		84701D9127FF4B3700430964 /* SwiftUIView.swift in Sources */ = {isa = PBXBuildFile; fileRef = 84701D9027FF4B3700430964 /* SwiftUIView.swift */; };
		84701D932800964E00430964 /* MakeAddressView.swift in Sources */ = {isa = PBXBuildFile; fileRef = 84701D922800964E00430964 /* MakeAddressView.swift */; };
		84701D952800B7C800430964 /* GetAndUseAddress.swift in Sources */ = {isa = PBXBuildFile; fileRef = 84701D942800B7C800430964 /* GetAndUseAddress.swift */; };
		84701D992803790500430964 /* MakeNewCardPayment.swift in Sources */ = {isa = PBXBuildFile; fileRef = 84701D982803790500430964 /* MakeNewCardPayment.swift */; };
		84701D9D280480D800430964 /* AddressCell.swift in Sources */ = {isa = PBXBuildFile; fileRef = 84701D9C280480D700430964 /* AddressCell.swift */; };
		84701D9F2804C99800430964 /* OrderListView.swift in Sources */ = {isa = PBXBuildFile; fileRef = 84701D9E2804C99700430964 /* OrderListView.swift */; };
		84701DA12805074700430964 /* InvoiceList.swift in Sources */ = {isa = PBXBuildFile; fileRef = 84701DA02805074600430964 /* InvoiceList.swift */; };
		84C8382F27FE036100815C63 /* Account.swift in Sources */ = {isa = PBXBuildFile; fileRef = 84C8382E27FE036100815C63 /* Account.swift */; };
		84C8383127FE037E00815C63 /* AllModels.swift in Sources */ = {isa = PBXBuildFile; fileRef = 84C8383027FE037E00815C63 /* AllModels.swift */; };
		84C8383627FE042300815C63 /* SwiftUIAPIView.swift in Sources */ = {isa = PBXBuildFile; fileRef = 84C8383527FE042300815C63 /* SwiftUIAPIView.swift */; };
		84C8383827FE05A700815C63 /* UserData.swift in Sources */ = {isa = PBXBuildFile; fileRef = 84C8383727FE05A700815C63 /* UserData.swift */; };
		D08622D827F3AC3A00BFE986 /* StoreDAYSApp.swift in Sources */ = {isa = PBXBuildFile; fileRef = D08622D727F3AC3A00BFE986 /* StoreDAYSApp.swift */; };
		D08622DA27F3AC3A00BFE986 /* ContentView.swift in Sources */ = {isa = PBXBuildFile; fileRef = D08622D927F3AC3A00BFE986 /* ContentView.swift */; };
		D08622DC27F3AC3C00BFE986 /* Assets.xcassets in Resources */ = {isa = PBXBuildFile; fileRef = D08622DB27F3AC3C00BFE986 /* Assets.xcassets */; };
		D08622DF27F3AC3C00BFE986 /* Preview Assets.xcassets in Resources */ = {isa = PBXBuildFile; fileRef = D08622DE27F3AC3C00BFE986 /* Preview Assets.xcassets */; };
		D08622E127F3AC3C00BFE986 /* Persistence.swift in Sources */ = {isa = PBXBuildFile; fileRef = D08622E027F3AC3C00BFE986 /* Persistence.swift */; };
		D08622E427F3AC3C00BFE986 /* StoreDAYS.xcdatamodeld in Sources */ = {isa = PBXBuildFile; fileRef = D08622E227F3AC3C00BFE986 /* StoreDAYS.xcdatamodeld */; };
		D08622EE27F3AC3C00BFE986 /* StoreDAYSTests.swift in Sources */ = {isa = PBXBuildFile; fileRef = D08622ED27F3AC3C00BFE986 /* StoreDAYSTests.swift */; };
		D08622F827F3AC3C00BFE986 /* StoreDAYSUITests.swift in Sources */ = {isa = PBXBuildFile; fileRef = D08622F727F3AC3C00BFE986 /* StoreDAYSUITests.swift */; };
		D08622FA27F3AC3C00BFE986 /* StoreDAYSUITestsLaunchTests.swift in Sources */ = {isa = PBXBuildFile; fileRef = D08622F927F3AC3C00BFE986 /* StoreDAYSUITestsLaunchTests.swift */; };
		D086231127F3F13600BFE986 /* StoreFront.swift in Sources */ = {isa = PBXBuildFile; fileRef = D086231027F3F13600BFE986 /* StoreFront.swift */; };
		D086231327F3F77400BFE986 /* StoreSplashPage.swift in Sources */ = {isa = PBXBuildFile; fileRef = D086231227F3F77400BFE986 /* StoreSplashPage.swift */; };
		D086231527F406A800BFE986 /* Data.swift in Sources */ = {isa = PBXBuildFile; fileRef = D086231427F406A800BFE986 /* Data.swift */; };
		D0E2B31527F4ECEB007DABE6 /* ItemCell.swift in Sources */ = {isa = PBXBuildFile; fileRef = D0E2B31427F4ECEB007DABE6 /* ItemCell.swift */; };
		D0E2B31727F4F101007DABE6 /* ItemCell2.swift in Sources */ = {isa = PBXBuildFile; fileRef = D0E2B31627F4F101007DABE6 /* ItemCell2.swift */; };
		D0E2B31927F4F1AB007DABE6 /* ItemCell3.swift in Sources */ = {isa = PBXBuildFile; fileRef = D0E2B31827F4F1AB007DABE6 /* ItemCell3.swift */; };
		D0E2B31D27F502FE007DABE6 /* PuppyDetailView.swift in Sources */ = {isa = PBXBuildFile; fileRef = D0E2B31C27F502FE007DABE6 /* PuppyDetailView.swift */; };
		D0E2B31F27F50311007DABE6 /* KittenDetailView.swift in Sources */ = {isa = PBXBuildFile; fileRef = D0E2B31E27F50311007DABE6 /* KittenDetailView.swift */; };
		D0E2B32127F503F1007DABE6 /* ExoticDetailView.swift in Sources */ = {isa = PBXBuildFile; fileRef = D0E2B32027F503F1007DABE6 /* ExoticDetailView.swift */; };
		D0E2B32427F51770007DABE6 /* SignInView.swift in Sources */ = {isa = PBXBuildFile; fileRef = D0E2B32327F51770007DABE6 /* SignInView.swift */; };
		D0E2B32627F5215E007DABE6 /* CreateAccountView.swift in Sources */ = {isa = PBXBuildFile; fileRef = D0E2B32527F5215E007DABE6 /* CreateAccountView.swift */; };
		D0E2B32827F52E3A007DABE6 /* CheckOutView.swift in Sources */ = {isa = PBXBuildFile; fileRef = D0E2B32727F52E3A007DABE6 /* CheckOutView.swift */; };
		D0E2B32B27F52F51007DABE6 /* TabbedMainView.swift in Sources */ = {isa = PBXBuildFile; fileRef = D0E2B32A27F52F51007DABE6 /* TabbedMainView.swift */; };
		D0FCBA1027F8E6FA0004329A /* Tracking.swift in Sources */ = {isa = PBXBuildFile; fileRef = D0FCBA0F27F8E6FA0004329A /* Tracking.swift */; };
/* End PBXBuildFile section */

/* Begin PBXContainerItemProxy section */
		D08622EA27F3AC3C00BFE986 /* PBXContainerItemProxy */ = {
			isa = PBXContainerItemProxy;
			containerPortal = D08622CC27F3AC3A00BFE986 /* Project object */;
			proxyType = 1;
			remoteGlobalIDString = D08622D327F3AC3A00BFE986;
			remoteInfo = StoreDAYS;
		};
		D08622F427F3AC3C00BFE986 /* PBXContainerItemProxy */ = {
			isa = PBXContainerItemProxy;
			containerPortal = D08622CC27F3AC3A00BFE986 /* Project object */;
			proxyType = 1;
			remoteGlobalIDString = D08622D327F3AC3A00BFE986;
			remoteInfo = StoreDAYS;
		};
/* End PBXContainerItemProxy section */

/* Begin PBXFileReference section */
		2208352327FDE6620025EE18 /* TabSwiftMoreUIView.swift */ = {isa = PBXFileReference; lastKnownFileType = sourcecode.swift; path = TabSwiftMoreUIView.swift; sourceTree = "<group>"; };
		2208352527FDE79B0025EE18 /* FeedbackSwiftUIView.swift */ = {isa = PBXFileReference; lastKnownFileType = sourcecode.swift; path = FeedbackSwiftUIView.swift; sourceTree = "<group>"; };
		223114AD27FF7CE400EF8AC9 /* DashBoardSwiftUIView.swift */ = {isa = PBXFileReference; lastKnownFileType = sourcecode.swift; path = DashBoardSwiftUIView.swift; sourceTree = "<group>"; };
		223114AF27FF88BE00EF8AC9 /* WebViewModel.swift */ = {isa = PBXFileReference; lastKnownFileType = sourcecode.swift; path = WebViewModel.swift; sourceTree = "<group>"; };
		223114B127FFA07900EF8AC9 /* LoginSessionViewSwiftUIView.swift */ = {isa = PBXFileReference; lastKnownFileType = sourcecode.swift; path = LoginSessionViewSwiftUIView.swift; sourceTree = "<group>"; };
		22AABD0627FCC251004C6B30 /* VideoArkOfSuffering.swift */ = {isa = PBXFileReference; lastKnownFileType = sourcecode.swift; path = VideoArkOfSuffering.swift; sourceTree = "<group>"; };
		22DD029027F63C68004D0144 /* ManageUserFromAWS.swift */ = {isa = PBXFileReference; lastKnownFileType = sourcecode.swift; path = ManageUserFromAWS.swift; sourceTree = "<group>"; };
		22DD029227F644C0004D0144 /* CreateAccountSwiftUIView.swift */ = {isa = PBXFileReference; lastKnownFileType = sourcecode.swift; path = CreateAccountSwiftUIView.swift; sourceTree = "<group>"; };
		22EBA8B027F8612B006BF6D3 /* DBHelper.swift */ = {isa = PBXFileReference; lastKnownFileType = sourcecode.swift; path = DBHelper.swift; sourceTree = "<group>"; };
		22EDDAF127F52FE20075F49C /* LoginSwiftUIView.swift */ = {isa = PBXFileReference; lastKnownFileType = sourcecode.swift; path = LoginSwiftUIView.swift; sourceTree = "<group>"; };
		22EE79B22800336B00BAE961 /* InvoiceSwiftUIView.swift */ = {isa = PBXFileReference; lastKnownFileType = sourcecode.swift; path = InvoiceSwiftUIView.swift; sourceTree = "<group>"; };
		22EE79B42800510000BAE961 /* TabDocumentsSwiftUIView.swift */ = {isa = PBXFileReference; lastKnownFileType = sourcecode.swift; path = TabDocumentsSwiftUIView.swift; sourceTree = "<group>"; };
		22F48B1927FA2D4C0044218D /* Info.plist */ = {isa = PBXFileReference; lastKnownFileType = text.plist; path = Info.plist; sourceTree = "<group>"; };
		22FBF75B27FF318B009EAB92 /* coolAnimals.mp4 */ = {isa = PBXFileReference; lastKnownFileType = file; path = coolAnimals.mp4; sourceTree = "<group>"; };
		22FEA1AB27FCB9600007838E /* ManageCreateAccount.swift */ = {isa = PBXFileReference; lastKnownFileType = sourcecode.swift; path = ManageCreateAccount.swift; sourceTree = "<group>"; };
		22FFCD0B27F7C62E00B22DE3 /* KeyChainManage.swift */ = {isa = PBXFileReference; lastKnownFileType = sourcecode.swift; path = KeyChainManage.swift; sourceTree = "<group>"; };
		7868E1E328046AE500FF7DF1 /* PayTabView.swift */ = {isa = PBXFileReference; fileEncoding = 4; lastKnownFileType = sourcecode.swift; path = PayTabView.swift; sourceTree = "<group>"; };
		7868E1E528046AE500FF7DF1 /* PaymentCard.swift */ = {isa = PBXFileReference; fileEncoding = 4; lastKnownFileType = sourcecode.swift; path = PaymentCard.swift; sourceTree = "<group>"; };
		7868E1E628046AE500FF7DF1 /* OtherPay.swift */ = {isa = PBXFileReference; fileEncoding = 4; lastKnownFileType = sourcecode.swift; path = OtherPay.swift; sourceTree = "<group>"; };
		7868E1E828046AE500FF7DF1 /* CartManager.swift */ = {isa = PBXFileReference; fileEncoding = 4; lastKnownFileType = sourcecode.swift; path = CartManager.swift; sourceTree = "<group>"; };
		7868E1E928046AE500FF7DF1 /* PaymentHandler.swift */ = {isa = PBXFileReference; fileEncoding = 4; lastKnownFileType = sourcecode.swift; path = PaymentHandler.swift; sourceTree = "<group>"; };
		7868E1EB28046AE500FF7DF1 /* DefaultPaymentMethodConvoy.swift */ = {isa = PBXFileReference; fileEncoding = 4; lastKnownFileType = sourcecode.swift; path = DefaultPaymentMethodConvoy.swift; sourceTree = "<group>"; };
		7868E1EC28046AE500FF7DF1 /* applyPayButton.swift */ = {isa = PBXFileReference; fileEncoding = 4; lastKnownFileType = sourcecode.swift; path = applyPayButton.swift; sourceTree = "<group>"; };
		7868E1ED28046AE500FF7DF1 /* ApplePayManager.swift */ = {isa = PBXFileReference; fileEncoding = 4; lastKnownFileType = sourcecode.swift; path = ApplePayManager.swift; sourceTree = "<group>"; };
		7868E1EE28046AE500FF7DF1 /* PaymentButton.swift */ = {isa = PBXFileReference; fileEncoding = 4; lastKnownFileType = sourcecode.swift; path = PaymentButton.swift; sourceTree = "<group>"; };
		7868E1EF28046AE500FF7DF1 /* UserDefaultsExpander.swift */ = {isa = PBXFileReference; fileEncoding = 4; lastKnownFileType = sourcecode.swift; path = UserDefaultsExpander.swift; sourceTree = "<group>"; };
		7868E1F028046AE500FF7DF1 /* ApplePayView.swift */ = {isa = PBXFileReference; fileEncoding = 4; lastKnownFileType = sourcecode.swift; path = ApplePayView.swift; sourceTree = "<group>"; };
		7868E1FD28046AF400FF7DF1 /* CSTabView.swift */ = {isa = PBXFileReference; fileEncoding = 4; lastKnownFileType = sourcecode.swift; path = CSTabView.swift; sourceTree = "<group>"; };
		7868E1FF28046AF400FF7DF1 /* LocationAssistant.swift */ = {isa = PBXFileReference; fileEncoding = 4; lastKnownFileType = sourcecode.swift; path = LocationAssistant.swift; sourceTree = "<group>"; };
		7868E20028046AF400FF7DF1 /* CustomAnnotationMapView.swift */ = {isa = PBXFileReference; fileEncoding = 4; lastKnownFileType = sourcecode.swift; path = CustomAnnotationMapView.swift; sourceTree = "<group>"; };
		7868E20128046AF400FF7DF1 /* T2View.swift */ = {isa = PBXFileReference; fileEncoding = 4; lastKnownFileType = sourcecode.swift; path = T2View.swift; sourceTree = "<group>"; };
		7868E20628046B9C00FF7DF1 /* Product.swift */ = {isa = PBXFileReference; fileEncoding = 4; lastKnownFileType = sourcecode.swift; path = Product.swift; sourceTree = "<group>"; };
		7874922E2804707000C28ECC /* StoreDAYS.entitlements */ = {isa = PBXFileReference; lastKnownFileType = text.plist.entitlements; path = StoreDAYS.entitlements; sourceTree = "<group>"; };
		84701D7D27FE1F6600430964 /* StorePlace.swift */ = {isa = PBXFileReference; lastKnownFileType = sourcecode.swift; path = StorePlace.swift; sourceTree = "<group>"; };
		84701D7F27FE239A00430964 /* UtilityModelController.swift */ = {isa = PBXFileReference; lastKnownFileType = sourcecode.swift; path = UtilityModelController.swift; sourceTree = "<group>"; };
		84701D8127FE390900430964 /* Functions.swift */ = {isa = PBXFileReference; lastKnownFileType = sourcecode.swift; path = Functions.swift; sourceTree = "<group>"; };
		84701D8327FE391E00430964 /* Containers.swift */ = {isa = PBXFileReference; lastKnownFileType = sourcecode.swift; path = Containers.swift; sourceTree = "<group>"; };
		84701D8627FE511800430964 /* DetailView.swift */ = {isa = PBXFileReference; lastKnownFileType = sourcecode.swift; path = DetailView.swift; sourceTree = "<group>"; };
		84701D8827FE512F00430964 /* StoreView.swift */ = {isa = PBXFileReference; lastKnownFileType = sourcecode.swift; path = StoreView.swift; sourceTree = "<group>"; };
		84701D8A27FE51E500430964 /* CartView.swift */ = {isa = PBXFileReference; lastKnownFileType = sourcecode.swift; path = CartView.swift; sourceTree = "<group>"; };
		84701D8C27FE574900430964 /* ViewCell.swift */ = {isa = PBXFileReference; lastKnownFileType = sourcecode.swift; path = ViewCell.swift; sourceTree = "<group>"; };
		84701D8E27FEA4D000430964 /* tabs.swift */ = {isa = PBXFileReference; lastKnownFileType = sourcecode.swift; path = tabs.swift; sourceTree = "<group>"; };
		84701D9027FF4B3700430964 /* SwiftUIView.swift */ = {isa = PBXFileReference; lastKnownFileType = sourcecode.swift; path = SwiftUIView.swift; sourceTree = "<group>"; };
		84701D922800964E00430964 /* MakeAddressView.swift */ = {isa = PBXFileReference; lastKnownFileType = sourcecode.swift; path = MakeAddressView.swift; sourceTree = "<group>"; };
		84701D942800B7C800430964 /* GetAndUseAddress.swift */ = {isa = PBXFileReference; lastKnownFileType = sourcecode.swift; path = GetAndUseAddress.swift; sourceTree = "<group>"; };
		84701D982803790500430964 /* MakeNewCardPayment.swift */ = {isa = PBXFileReference; lastKnownFileType = sourcecode.swift; path = MakeNewCardPayment.swift; sourceTree = "<group>"; };
		84701D9C280480D700430964 /* AddressCell.swift */ = {isa = PBXFileReference; lastKnownFileType = sourcecode.swift; path = AddressCell.swift; sourceTree = "<group>"; };
		84701D9E2804C99700430964 /* OrderListView.swift */ = {isa = PBXFileReference; lastKnownFileType = sourcecode.swift; path = OrderListView.swift; sourceTree = "<group>"; };
		84701DA02805074600430964 /* InvoiceList.swift */ = {isa = PBXFileReference; lastKnownFileType = sourcecode.swift; path = InvoiceList.swift; sourceTree = "<group>"; };
		84C8382E27FE036100815C63 /* Account.swift */ = {isa = PBXFileReference; lastKnownFileType = sourcecode.swift; path = Account.swift; sourceTree = "<group>"; };
		84C8383027FE037E00815C63 /* AllModels.swift */ = {isa = PBXFileReference; lastKnownFileType = sourcecode.swift; path = AllModels.swift; sourceTree = "<group>"; };
		84C8383527FE042300815C63 /* SwiftUIAPIView.swift */ = {isa = PBXFileReference; lastKnownFileType = sourcecode.swift; path = SwiftUIAPIView.swift; sourceTree = "<group>"; };
		84C8383727FE05A700815C63 /* UserData.swift */ = {isa = PBXFileReference; lastKnownFileType = sourcecode.swift; path = UserData.swift; sourceTree = "<group>"; };
		D08622D427F3AC3A00BFE986 /* StoreDAYS.app */ = {isa = PBXFileReference; explicitFileType = wrapper.application; includeInIndex = 0; path = StoreDAYS.app; sourceTree = BUILT_PRODUCTS_DIR; };
		D08622D727F3AC3A00BFE986 /* StoreDAYSApp.swift */ = {isa = PBXFileReference; lastKnownFileType = sourcecode.swift; path = StoreDAYSApp.swift; sourceTree = "<group>"; };
		D08622D927F3AC3A00BFE986 /* ContentView.swift */ = {isa = PBXFileReference; lastKnownFileType = sourcecode.swift; path = ContentView.swift; sourceTree = "<group>"; };
		D08622DB27F3AC3C00BFE986 /* Assets.xcassets */ = {isa = PBXFileReference; lastKnownFileType = folder.assetcatalog; path = Assets.xcassets; sourceTree = "<group>"; };
		D08622DE27F3AC3C00BFE986 /* Preview Assets.xcassets */ = {isa = PBXFileReference; lastKnownFileType = folder.assetcatalog; path = "Preview Assets.xcassets"; sourceTree = "<group>"; };
		D08622E027F3AC3C00BFE986 /* Persistence.swift */ = {isa = PBXFileReference; lastKnownFileType = sourcecode.swift; path = Persistence.swift; sourceTree = "<group>"; };
		D08622E327F3AC3C00BFE986 /* StoreDAYS.xcdatamodel */ = {isa = PBXFileReference; lastKnownFileType = wrapper.xcdatamodel; path = StoreDAYS.xcdatamodel; sourceTree = "<group>"; };
		D08622E927F3AC3C00BFE986 /* StoreDAYSTests.xctest */ = {isa = PBXFileReference; explicitFileType = wrapper.cfbundle; includeInIndex = 0; path = StoreDAYSTests.xctest; sourceTree = BUILT_PRODUCTS_DIR; };
		D08622ED27F3AC3C00BFE986 /* StoreDAYSTests.swift */ = {isa = PBXFileReference; lastKnownFileType = sourcecode.swift; path = StoreDAYSTests.swift; sourceTree = "<group>"; };
		D08622F327F3AC3C00BFE986 /* StoreDAYSUITests.xctest */ = {isa = PBXFileReference; explicitFileType = wrapper.cfbundle; includeInIndex = 0; path = StoreDAYSUITests.xctest; sourceTree = BUILT_PRODUCTS_DIR; };
		D08622F727F3AC3C00BFE986 /* StoreDAYSUITests.swift */ = {isa = PBXFileReference; lastKnownFileType = sourcecode.swift; path = StoreDAYSUITests.swift; sourceTree = "<group>"; };
		D08622F927F3AC3C00BFE986 /* StoreDAYSUITestsLaunchTests.swift */ = {isa = PBXFileReference; lastKnownFileType = sourcecode.swift; path = StoreDAYSUITestsLaunchTests.swift; sourceTree = "<group>"; };
		D086231027F3F13600BFE986 /* StoreFront.swift */ = {isa = PBXFileReference; lastKnownFileType = sourcecode.swift; path = StoreFront.swift; sourceTree = "<group>"; };
		D086231227F3F77400BFE986 /* StoreSplashPage.swift */ = {isa = PBXFileReference; lastKnownFileType = sourcecode.swift; path = StoreSplashPage.swift; sourceTree = "<group>"; };
		D086231427F406A800BFE986 /* Data.swift */ = {isa = PBXFileReference; lastKnownFileType = sourcecode.swift; path = Data.swift; sourceTree = "<group>"; };
		D0E2B31427F4ECEB007DABE6 /* ItemCell.swift */ = {isa = PBXFileReference; lastKnownFileType = sourcecode.swift; path = ItemCell.swift; sourceTree = "<group>"; };
		D0E2B31627F4F101007DABE6 /* ItemCell2.swift */ = {isa = PBXFileReference; lastKnownFileType = sourcecode.swift; path = ItemCell2.swift; sourceTree = "<group>"; };
		D0E2B31827F4F1AB007DABE6 /* ItemCell3.swift */ = {isa = PBXFileReference; lastKnownFileType = sourcecode.swift; path = ItemCell3.swift; sourceTree = "<group>"; };
		D0E2B31C27F502FE007DABE6 /* PuppyDetailView.swift */ = {isa = PBXFileReference; lastKnownFileType = sourcecode.swift; path = PuppyDetailView.swift; sourceTree = "<group>"; };
		D0E2B31E27F50311007DABE6 /* KittenDetailView.swift */ = {isa = PBXFileReference; lastKnownFileType = sourcecode.swift; path = KittenDetailView.swift; sourceTree = "<group>"; };
		D0E2B32027F503F1007DABE6 /* ExoticDetailView.swift */ = {isa = PBXFileReference; lastKnownFileType = sourcecode.swift; path = ExoticDetailView.swift; sourceTree = "<group>"; };
		D0E2B32327F51770007DABE6 /* SignInView.swift */ = {isa = PBXFileReference; lastKnownFileType = sourcecode.swift; path = SignInView.swift; sourceTree = "<group>"; };
		D0E2B32527F5215E007DABE6 /* CreateAccountView.swift */ = {isa = PBXFileReference; lastKnownFileType = sourcecode.swift; path = CreateAccountView.swift; sourceTree = "<group>"; };
		D0E2B32727F52E3A007DABE6 /* CheckOutView.swift */ = {isa = PBXFileReference; lastKnownFileType = sourcecode.swift; path = CheckOutView.swift; sourceTree = "<group>"; };
		D0E2B32A27F52F51007DABE6 /* TabbedMainView.swift */ = {isa = PBXFileReference; lastKnownFileType = sourcecode.swift; path = TabbedMainView.swift; sourceTree = "<group>"; };
		D0FCBA0F27F8E6FA0004329A /* Tracking.swift */ = {isa = PBXFileReference; lastKnownFileType = sourcecode.swift; path = Tracking.swift; sourceTree = "<group>"; };
/* End PBXFileReference section */

/* Begin PBXFrameworksBuildPhase section */
		D08622D127F3AC3A00BFE986 /* Frameworks */ = {
			isa = PBXFrameworksBuildPhase;
			buildActionMask = 2147483647;
			files = (
			);
			runOnlyForDeploymentPostprocessing = 0;
		};
		D08622E627F3AC3C00BFE986 /* Frameworks */ = {
			isa = PBXFrameworksBuildPhase;
			buildActionMask = 2147483647;
			files = (
			);
			runOnlyForDeploymentPostprocessing = 0;
		};
		D08622F027F3AC3C00BFE986 /* Frameworks */ = {
			isa = PBXFrameworksBuildPhase;
			buildActionMask = 2147483647;
			files = (
			);
			runOnlyForDeploymentPostprocessing = 0;
		};
/* End PBXFrameworksBuildPhase section */

/* Begin PBXGroup section */
		22D41DF927FAF62C008F38B0 /* DBHelper */ = {
			isa = PBXGroup;
			children = (
				22EBA8B027F8612B006BF6D3 /* DBHelper.swift */,
			);
			path = DBHelper;
			sourceTree = "<group>";
		};
		22D41DFA27FAF698008F38B0 /* Users */ = {
			isa = PBXGroup;
			children = (
				22DD029027F63C68004D0144 /* ManageUserFromAWS.swift */,
				22FEA1AB27FCB9600007838E /* ManageCreateAccount.swift */,
				223114AF27FF88BE00EF8AC9 /* WebViewModel.swift */,
			);
			path = Users;
			sourceTree = "<group>";
		};
		22EBA8B427F86B04006BF6D3 /* V0.0 */ = {
			isa = PBXGroup;
			children = (
				D0E2B32527F5215E007DABE6 /* CreateAccountView.swift */,
				D0E2B32327F51770007DABE6 /* SignInView.swift */,
			);
			path = V0.0;
			sourceTree = "<group>";
		};
		22EDDAF027F52FAA0075F49C /* User */ = {
			isa = PBXGroup;
			children = (
				22EDDAF127F52FE20075F49C /* LoginSwiftUIView.swift */,
				2208352327FDE6620025EE18 /* TabSwiftMoreUIView.swift */,
				223114AD27FF7CE400EF8AC9 /* DashBoardSwiftUIView.swift */,
				2208352527FDE79B0025EE18 /* FeedbackSwiftUIView.swift */,
				22EE79B62800536F00BAE961 /* Docs */,
				22AABD0627FCC251004C6B30 /* VideoArkOfSuffering.swift */,
				22DD029227F644C0004D0144 /* CreateAccountSwiftUIView.swift */,
				223114B127FFA07900EF8AC9 /* LoginSessionViewSwiftUIView.swift */,
				22EBA8B427F86B04006BF6D3 /* V0.0 */,
				84701D922800964E00430964 /* MakeAddressView.swift */,
				84701D942800B7C800430964 /* GetAndUseAddress.swift */,
				84701D982803790500430964 /* MakeNewCardPayment.swift */,
				84701D9C280480D700430964 /* AddressCell.swift */,
			);
			path = User;
			sourceTree = "<group>";
		};
		22EE79B62800536F00BAE961 /* Docs */ = {
			isa = PBXGroup;
			children = (
				22EE79B42800510000BAE961 /* TabDocumentsSwiftUIView.swift */,
				22EE79B22800336B00BAE961 /* InvoiceSwiftUIView.swift */,
			);
			path = Docs;
			sourceTree = "<group>";
		};
		22FFCD0A27F7C61A00B22DE3 /* KeyChain */ = {
			isa = PBXGroup;
			children = (
				22FFCD0B27F7C62E00B22DE3 /* KeyChainManage.swift */,
			);
			path = KeyChain;
			sourceTree = "<group>";
		};
		7868E1E228046AE500FF7DF1 /* Settlement */ = {
			isa = PBXGroup;
			children = (
				7868E1E328046AE500FF7DF1 /* PayTabView.swift */,
				7868E1E428046AE500FF7DF1 /* Other Payment Methods */,
				7868E1E728046AE500FF7DF1 /* ApplePay */,
			);
			path = Settlement;
			sourceTree = "<group>";
		};
		7868E1E428046AE500FF7DF1 /* Other Payment Methods */ = {
			isa = PBXGroup;
			children = (
				7868E1E528046AE500FF7DF1 /* PaymentCard.swift */,
				7868E1E628046AE500FF7DF1 /* OtherPay.swift */,
			);
			path = "Other Payment Methods";
			sourceTree = "<group>";
		};
		7868E1E728046AE500FF7DF1 /* ApplePay */ = {
			isa = PBXGroup;
			children = (
				7868E1E828046AE500FF7DF1 /* CartManager.swift */,
				7868E1E928046AE500FF7DF1 /* PaymentHandler.swift */,
				7868E1EA28046AE500FF7DF1 /* to_delete */,
			);
			path = ApplePay;
			sourceTree = "<group>";
		};
		7868E1EA28046AE500FF7DF1 /* to_delete */ = {
			isa = PBXGroup;
			children = (
				7868E1EB28046AE500FF7DF1 /* DefaultPaymentMethodConvoy.swift */,
				7868E1EC28046AE500FF7DF1 /* applyPayButton.swift */,
				7868E1ED28046AE500FF7DF1 /* ApplePayManager.swift */,
				7868E1EE28046AE500FF7DF1 /* PaymentButton.swift */,
				7868E1EF28046AE500FF7DF1 /* UserDefaultsExpander.swift */,
				7868E1F028046AE500FF7DF1 /* ApplePayView.swift */,
			);
			path = to_delete;
			sourceTree = "<group>";
		};
		7868E1FC28046AF400FF7DF1 /* CS */ = {
			isa = PBXGroup;
			children = (
				7868E1FD28046AF400FF7DF1 /* CSTabView.swift */,
				7868E1FE28046AF400FF7DF1 /* Tracker */,
			);
			path = CS;
			sourceTree = "<group>";
		};
		7868E1FE28046AF400FF7DF1 /* Tracker */ = {
			isa = PBXGroup;
			children = (
				7868E1FF28046AF400FF7DF1 /* LocationAssistant.swift */,
				7868E20028046AF400FF7DF1 /* CustomAnnotationMapView.swift */,
				7868E20128046AF400FF7DF1 /* T2View.swift */,
			);
			path = Tracker;
			sourceTree = "<group>";
		};
		84701D8527FE50FD00430964 /* TestZone */ = {
			isa = PBXGroup;
			children = (
				84701D8627FE511800430964 /* DetailView.swift */,
				84701D8827FE512F00430964 /* StoreView.swift */,
				84701D8A27FE51E500430964 /* CartView.swift */,
				84701D8C27FE574900430964 /* ViewCell.swift */,
				84701D8E27FEA4D000430964 /* tabs.swift */,
			);
			path = TestZone;
			sourceTree = "<group>";
		};
		84C8383227FE03EC00815C63 /* Examples */ = {
			isa = PBXGroup;
			children = (
				84701D8527FE50FD00430964 /* TestZone */,
				84C8383527FE042300815C63 /* SwiftUIAPIView.swift */,
				84701D9027FF4B3700430964 /* SwiftUIView.swift */,
			);
			path = Examples;
			sourceTree = "<group>";
		};
		D08622CB27F3AC3A00BFE986 = {
			isa = PBXGroup;
			children = (
				D08622D727F3AC3A00BFE986 /* StoreDAYSApp.swift */,
				D08622D627F3AC3A00BFE986 /* StoreDAYS */,
				D08622EC27F3AC3C00BFE986 /* StoreDAYSTests */,
				D08622F627F3AC3C00BFE986 /* StoreDAYSUITests */,
				D08622D527F3AC3A00BFE986 /* Products */,
			);
			sourceTree = "<group>";
		};
		D08622D527F3AC3A00BFE986 /* Products */ = {
			isa = PBXGroup;
			children = (
				D08622D427F3AC3A00BFE986 /* StoreDAYS.app */,
				D08622E927F3AC3C00BFE986 /* StoreDAYSTests.xctest */,
				D08622F327F3AC3C00BFE986 /* StoreDAYSUITests.xctest */,
			);
			name = Products;
			sourceTree = "<group>";
		};
		D08622D627F3AC3A00BFE986 /* StoreDAYS */ = {
			isa = PBXGroup;
			children = (
				7874922E2804707000C28ECC /* StoreDAYS.entitlements */,
				84C8383227FE03EC00815C63 /* Examples */,
				22F48B1927FA2D4C0044218D /* Info.plist */,
				D08622DB27F3AC3C00BFE986 /* Assets.xcassets */,
				22FBF75B27FF318B009EAB92 /* coolAnimals.mp4 */,
				D086230927F3AEA200BFE986 /* DataModel */,
				D086230727F3AE4600BFE986 /* Views */,
				D086230827F3AE5C00BFE986 /* Controllers */,
				D08622E227F3AC3C00BFE986 /* StoreDAYS.xcdatamodeld */,
				7868E1E228046AE500FF7DF1 /* Settlement */,
				7868E1FC28046AF400FF7DF1 /* CS */,
				D08622DD27F3AC3C00BFE986 /* Preview Content */,
			);
			path = StoreDAYS;
			sourceTree = "<group>";
		};
		D08622DD27F3AC3C00BFE986 /* Preview Content */ = {
			isa = PBXGroup;
			children = (
				D08622DE27F3AC3C00BFE986 /* Preview Assets.xcassets */,
			);
			path = "Preview Content";
			sourceTree = "<group>";
		};
		D08622EC27F3AC3C00BFE986 /* StoreDAYSTests */ = {
			isa = PBXGroup;
			children = (
				D08622ED27F3AC3C00BFE986 /* StoreDAYSTests.swift */,
			);
			path = StoreDAYSTests;
			sourceTree = "<group>";
		};
		D08622F627F3AC3C00BFE986 /* StoreDAYSUITests */ = {
			isa = PBXGroup;
			children = (
				D08622F727F3AC3C00BFE986 /* StoreDAYSUITests.swift */,
				D08622F927F3AC3C00BFE986 /* StoreDAYSUITestsLaunchTests.swift */,
			);
			path = StoreDAYSUITests;
			sourceTree = "<group>";
		};
		D086230727F3AE4600BFE986 /* Views */ = {
			isa = PBXGroup;
			children = (
				22EDDAF027F52FAA0075F49C /* User */,
				D0E2B32227F51753007DABE6 /* AdministrationViews */,
				D08622D927F3AC3A00BFE986 /* ContentView.swift */,
				D086231227F3F77400BFE986 /* StoreSplashPage.swift */,
				D0E2B31E27F50311007DABE6 /* KittenDetailView.swift */,
				D0E2B31C27F502FE007DABE6 /* PuppyDetailView.swift */,
				D0E2B32027F503F1007DABE6 /* ExoticDetailView.swift */,
				D0E2B32927F52ED9007DABE6 /* SubViews */,
				84701D9E2804C99700430964 /* OrderListView.swift */,
				84701DA02805074600430964 /* InvoiceList.swift */,
			);
			path = Views;
			sourceTree = "<group>";
		};
		D086230827F3AE5C00BFE986 /* Controllers */ = {
			isa = PBXGroup;
			children = (
				22D41DFA27FAF698008F38B0 /* Users */,
				D08622E027F3AC3C00BFE986 /* Persistence.swift */,
			);
			path = Controllers;
			sourceTree = "<group>";
		};
		D086230927F3AEA200BFE986 /* DataModel */ = {
			isa = PBXGroup;
			children = (
				7868E20628046B9C00FF7DF1 /* Product.swift */,
				22D41DF927FAF62C008F38B0 /* DBHelper */,
				22FFCD0A27F7C61A00B22DE3 /* KeyChain */,
				D086231427F406A800BFE986 /* Data.swift */,
				84C8383027FE037E00815C63 /* AllModels.swift */,
				84C8382E27FE036100815C63 /* Account.swift */,
				84C8383727FE05A700815C63 /* UserData.swift */,
				84701D7D27FE1F6600430964 /* StorePlace.swift */,
				84701D7F27FE239A00430964 /* UtilityModelController.swift */,
				84701D8127FE390900430964 /* Functions.swift */,
				84701D8327FE391E00430964 /* Containers.swift */,
			);
			path = DataModel;
			sourceTree = "<group>";
		};
		D0E2B32227F51753007DABE6 /* AdministrationViews */ = {
			isa = PBXGroup;
			children = (
				D0FCBA0F27F8E6FA0004329A /* Tracking.swift */,
				D0E2B32A27F52F51007DABE6 /* TabbedMainView.swift */,
				D0E2B32727F52E3A007DABE6 /* CheckOutView.swift */,
				D086231027F3F13600BFE986 /* StoreFront.swift */,
			);
			path = AdministrationViews;
			sourceTree = "<group>";
		};
		D0E2B32927F52ED9007DABE6 /* SubViews */ = {
			isa = PBXGroup;
			children = (
				D0E2B31827F4F1AB007DABE6 /* ItemCell3.swift */,
				D0E2B31627F4F101007DABE6 /* ItemCell2.swift */,
				D0E2B31427F4ECEB007DABE6 /* ItemCell.swift */,
			);
			path = SubViews;
			sourceTree = "<group>";
		};
/* End PBXGroup section */

/* Begin PBXNativeTarget section */
		D08622D327F3AC3A00BFE986 /* StoreDAYS */ = {
			isa = PBXNativeTarget;
			buildConfigurationList = D08622FD27F3AC3C00BFE986 /* Build configuration list for PBXNativeTarget "StoreDAYS" */;
			buildPhases = (
				D08622D027F3AC3A00BFE986 /* Sources */,
				D08622D127F3AC3A00BFE986 /* Frameworks */,
				D08622D227F3AC3A00BFE986 /* Resources */,
			);
			buildRules = (
			);
			dependencies = (
			);
			name = StoreDAYS;
			productName = StoreDAYS;
			productReference = D08622D427F3AC3A00BFE986 /* StoreDAYS.app */;
			productType = "com.apple.product-type.application";
		};
		D08622E827F3AC3C00BFE986 /* StoreDAYSTests */ = {
			isa = PBXNativeTarget;
			buildConfigurationList = D086230027F3AC3C00BFE986 /* Build configuration list for PBXNativeTarget "StoreDAYSTests" */;
			buildPhases = (
				D08622E527F3AC3C00BFE986 /* Sources */,
				D08622E627F3AC3C00BFE986 /* Frameworks */,
				D08622E727F3AC3C00BFE986 /* Resources */,
			);
			buildRules = (
			);
			dependencies = (
				D08622EB27F3AC3C00BFE986 /* PBXTargetDependency */,
			);
			name = StoreDAYSTests;
			productName = StoreDAYSTests;
			productReference = D08622E927F3AC3C00BFE986 /* StoreDAYSTests.xctest */;
			productType = "com.apple.product-type.bundle.unit-test";
		};
		D08622F227F3AC3C00BFE986 /* StoreDAYSUITests */ = {
			isa = PBXNativeTarget;
			buildConfigurationList = D086230327F3AC3C00BFE986 /* Build configuration list for PBXNativeTarget "StoreDAYSUITests" */;
			buildPhases = (
				D08622EF27F3AC3C00BFE986 /* Sources */,
				D08622F027F3AC3C00BFE986 /* Frameworks */,
				D08622F127F3AC3C00BFE986 /* Resources */,
			);
			buildRules = (
			);
			dependencies = (
				D08622F527F3AC3C00BFE986 /* PBXTargetDependency */,
			);
			name = StoreDAYSUITests;
			productName = StoreDAYSUITests;
			productReference = D08622F327F3AC3C00BFE986 /* StoreDAYSUITests.xctest */;
			productType = "com.apple.product-type.bundle.ui-testing";
		};
/* End PBXNativeTarget section */

/* Begin PBXProject section */
		D08622CC27F3AC3A00BFE986 /* Project object */ = {
			isa = PBXProject;
			attributes = {
				BuildIndependentTargetsInParallel = 1;
				LastSwiftUpdateCheck = 1320;
				LastUpgradeCheck = 1320;
				TargetAttributes = {
					D08622D327F3AC3A00BFE986 = {
						CreatedOnToolsVersion = 13.2.1;
					};
					D08622E827F3AC3C00BFE986 = {
						CreatedOnToolsVersion = 13.2.1;
						TestTargetID = D08622D327F3AC3A00BFE986;
					};
					D08622F227F3AC3C00BFE986 = {
						CreatedOnToolsVersion = 13.2.1;
						TestTargetID = D08622D327F3AC3A00BFE986;
					};
				};
			};
			buildConfigurationList = D08622CF27F3AC3A00BFE986 /* Build configuration list for PBXProject "StoreDAYS" */;
			compatibilityVersion = "Xcode 13.0";
			developmentRegion = en;
			hasScannedForEncodings = 0;
			knownRegions = (
				en,
				Base,
			);
			mainGroup = D08622CB27F3AC3A00BFE986;
			productRefGroup = D08622D527F3AC3A00BFE986 /* Products */;
			projectDirPath = "";
			projectRoot = "";
			targets = (
				D08622D327F3AC3A00BFE986 /* StoreDAYS */,
				D08622E827F3AC3C00BFE986 /* StoreDAYSTests */,
				D08622F227F3AC3C00BFE986 /* StoreDAYSUITests */,
			);
		};
/* End PBXProject section */

/* Begin PBXResourcesBuildPhase section */
		D08622D227F3AC3A00BFE986 /* Resources */ = {
			isa = PBXResourcesBuildPhase;
			buildActionMask = 2147483647;
			files = (
				22FBF75C27FF318B009EAB92 /* coolAnimals.mp4 in Resources */,
				D08622DF27F3AC3C00BFE986 /* Preview Assets.xcassets in Resources */,
				D08622DC27F3AC3C00BFE986 /* Assets.xcassets in Resources */,
			);
			runOnlyForDeploymentPostprocessing = 0;
		};
		D08622E727F3AC3C00BFE986 /* Resources */ = {
			isa = PBXResourcesBuildPhase;
			buildActionMask = 2147483647;
			files = (
			);
			runOnlyForDeploymentPostprocessing = 0;
		};
		D08622F127F3AC3C00BFE986 /* Resources */ = {
			isa = PBXResourcesBuildPhase;
			buildActionMask = 2147483647;
			files = (
			);
			runOnlyForDeploymentPostprocessing = 0;
		};
/* End PBXResourcesBuildPhase section */

/* Begin PBXSourcesBuildPhase section */
		D08622D027F3AC3A00BFE986 /* Sources */ = {
			isa = PBXSourcesBuildPhase;
			buildActionMask = 2147483647;
			files = (
				22EDDAF227F52FE20075F49C /* LoginSwiftUIView.swift in Sources */,
				84C8383127FE037E00815C63 /* AllModels.swift in Sources */,
				22EE79B52800510000BAE961 /* TabDocumentsSwiftUIView.swift in Sources */,
				7868E1F828046AE500FF7DF1 /* ApplePayManager.swift in Sources */,
				22EE79B32800336B00BAE961 /* InvoiceSwiftUIView.swift in Sources */,
				84701D8B27FE51E500430964 /* CartView.swift in Sources */,
				7868E1FB28046AE500FF7DF1 /* ApplePayView.swift in Sources */,
				7868E1F428046AE500FF7DF1 /* CartManager.swift in Sources */,
				84701D7E27FE1F6600430964 /* StorePlace.swift in Sources */,
				84701D932800964E00430964 /* MakeAddressView.swift in Sources */,
				22FEA1AC27FCB9600007838E /* ManageCreateAccount.swift in Sources */,
				7868E1F328046AE500FF7DF1 /* OtherPay.swift in Sources */,
				84701D8F27FEA4D000430964 /* tabs.swift in Sources */,
				84701D8027FE239A00430964 /* UtilityModelController.swift in Sources */,
				22FFCD0C27F7C62E00B22DE3 /* KeyChainManage.swift in Sources */,
				84701D952800B7C800430964 /* GetAndUseAddress.swift in Sources */,
				22DD029127F63C68004D0144 /* ManageUserFromAWS.swift in Sources */,
				7868E1F528046AE500FF7DF1 /* PaymentHandler.swift in Sources */,
				D08622E427F3AC3C00BFE986 /* StoreDAYS.xcdatamodeld in Sources */,
				84701D8227FE390900430964 /* Functions.swift in Sources */,
				223114AE27FF7CE400EF8AC9 /* DashBoardSwiftUIView.swift in Sources */,
				D0E2B31F27F50311007DABE6 /* KittenDetailView.swift in Sources */,
				7868E1F728046AE500FF7DF1 /* applyPayButton.swift in Sources */,
				7868E1F628046AE500FF7DF1 /* DefaultPaymentMethodConvoy.swift in Sources */,
				7868E20228046AF400FF7DF1 /* CSTabView.swift in Sources */,
				D08622E127F3AC3C00BFE986 /* Persistence.swift in Sources */,
				22EBA8B127F8612B006BF6D3 /* DBHelper.swift in Sources */,
				84701D8427FE391E00430964 /* Containers.swift in Sources */,
				7868E1F928046AE500FF7DF1 /* PaymentButton.swift in Sources */,
				7868E20528046AF400FF7DF1 /* T2View.swift in Sources */,
				7868E1F128046AE500FF7DF1 /* PayTabView.swift in Sources */,
				84C8382F27FE036100815C63 /* Account.swift in Sources */,
				7868E1FA28046AE500FF7DF1 /* UserDefaultsExpander.swift in Sources */,
				7868E1F228046AE500FF7DF1 /* PaymentCard.swift in Sources */,
				D0E2B31727F4F101007DABE6 /* ItemCell2.swift in Sources */,
				D0E2B31927F4F1AB007DABE6 /* ItemCell3.swift in Sources */,
				D0E2B31D27F502FE007DABE6 /* PuppyDetailView.swift in Sources */,
				22DD029327F644C0004D0144 /* CreateAccountSwiftUIView.swift in Sources */,
				D0E2B31527F4ECEB007DABE6 /* ItemCell.swift in Sources */,
				22AABD0727FCC251004C6B30 /* VideoArkOfSuffering.swift in Sources */,
				D0E2B32127F503F1007DABE6 /* ExoticDetailView.swift in Sources */,
				D0E2B32827F52E3A007DABE6 /* CheckOutView.swift in Sources */,
				7868E20428046AF400FF7DF1 /* CustomAnnotationMapView.swift in Sources */,
				84C8383627FE042300815C63 /* SwiftUIAPIView.swift in Sources */,
				2208352627FDE79B0025EE18 /* FeedbackSwiftUIView.swift in Sources */,
				7868E20328046AF400FF7DF1 /* LocationAssistant.swift in Sources */,
				D0E2B32B27F52F51007DABE6 /* TabbedMainView.swift in Sources */,
				84701D9127FF4B3700430964 /* SwiftUIView.swift in Sources */,
				84701D992803790500430964 /* MakeNewCardPayment.swift in Sources */,
				84701D9F2804C99800430964 /* OrderListView.swift in Sources */,
				D086231127F3F13600BFE986 /* StoreFront.swift in Sources */,
				84701D8927FE512F00430964 /* StoreView.swift in Sources */,
				84701D8D27FE574900430964 /* ViewCell.swift in Sources */,
				84701D8727FE511800430964 /* DetailView.swift in Sources */,
				D086231327F3F77400BFE986 /* StoreSplashPage.swift in Sources */,
				2208352427FDE6620025EE18 /* TabSwiftMoreUIView.swift in Sources */,
				D08622DA27F3AC3A00BFE986 /* ContentView.swift in Sources */,
				D0E2B32627F5215E007DABE6 /* CreateAccountView.swift in Sources */,
				223114B227FFA07900EF8AC9 /* LoginSessionViewSwiftUIView.swift in Sources */,
				84C8383827FE05A700815C63 /* UserData.swift in Sources */,
				D086231527F406A800BFE986 /* Data.swift in Sources */,
				7868E20728046B9C00FF7DF1 /* Product.swift in Sources */,
				D0E2B32427F51770007DABE6 /* SignInView.swift in Sources */,
				D08622D827F3AC3A00BFE986 /* StoreDAYSApp.swift in Sources */,
				D0FCBA1027F8E6FA0004329A /* Tracking.swift in Sources */,
				84701DA12805074700430964 /* InvoiceList.swift in Sources */,
				84701D9D280480D800430964 /* AddressCell.swift in Sources */,
				223114B027FF88BE00EF8AC9 /* WebViewModel.swift in Sources */,
			);
			runOnlyForDeploymentPostprocessing = 0;
		};
		D08622E527F3AC3C00BFE986 /* Sources */ = {
			isa = PBXSourcesBuildPhase;
			buildActionMask = 2147483647;
			files = (
				D08622EE27F3AC3C00BFE986 /* StoreDAYSTests.swift in Sources */,
			);
			runOnlyForDeploymentPostprocessing = 0;
		};
		D08622EF27F3AC3C00BFE986 /* Sources */ = {
			isa = PBXSourcesBuildPhase;
			buildActionMask = 2147483647;
			files = (
				D08622F827F3AC3C00BFE986 /* StoreDAYSUITests.swift in Sources */,
				D08622FA27F3AC3C00BFE986 /* StoreDAYSUITestsLaunchTests.swift in Sources */,
			);
			runOnlyForDeploymentPostprocessing = 0;
		};
/* End PBXSourcesBuildPhase section */

/* Begin PBXTargetDependency section */
		D08622EB27F3AC3C00BFE986 /* PBXTargetDependency */ = {
			isa = PBXTargetDependency;
			target = D08622D327F3AC3A00BFE986 /* StoreDAYS */;
			targetProxy = D08622EA27F3AC3C00BFE986 /* PBXContainerItemProxy */;
		};
		D08622F527F3AC3C00BFE986 /* PBXTargetDependency */ = {
			isa = PBXTargetDependency;
			target = D08622D327F3AC3A00BFE986 /* StoreDAYS */;
			targetProxy = D08622F427F3AC3C00BFE986 /* PBXContainerItemProxy */;
		};
/* End PBXTargetDependency section */

/* Begin XCBuildConfiguration section */
		D08622FB27F3AC3C00BFE986 /* Debug */ = {
			isa = XCBuildConfiguration;
			buildSettings = {
				ALWAYS_SEARCH_USER_PATHS = NO;
				CLANG_ANALYZER_NONNULL = YES;
				CLANG_ANALYZER_NUMBER_OBJECT_CONVERSION = YES_AGGRESSIVE;
				CLANG_CXX_LANGUAGE_STANDARD = "gnu++17";
				CLANG_CXX_LIBRARY = "libc++";
				CLANG_ENABLE_MODULES = YES;
				CLANG_ENABLE_OBJC_ARC = YES;
				CLANG_ENABLE_OBJC_WEAK = YES;
				CLANG_WARN_BLOCK_CAPTURE_AUTORELEASING = YES;
				CLANG_WARN_BOOL_CONVERSION = YES;
				CLANG_WARN_COMMA = YES;
				CLANG_WARN_CONSTANT_CONVERSION = YES;
				CLANG_WARN_DEPRECATED_OBJC_IMPLEMENTATIONS = YES;
				CLANG_WARN_DIRECT_OBJC_ISA_USAGE = YES_ERROR;
				CLANG_WARN_DOCUMENTATION_COMMENTS = YES;
				CLANG_WARN_EMPTY_BODY = YES;
				CLANG_WARN_ENUM_CONVERSION = YES;
				CLANG_WARN_INFINITE_RECURSION = YES;
				CLANG_WARN_INT_CONVERSION = YES;
				CLANG_WARN_NON_LITERAL_NULL_CONVERSION = YES;
				CLANG_WARN_OBJC_IMPLICIT_RETAIN_SELF = YES;
				CLANG_WARN_OBJC_LITERAL_CONVERSION = YES;
				CLANG_WARN_OBJC_ROOT_CLASS = YES_ERROR;
				CLANG_WARN_QUOTED_INCLUDE_IN_FRAMEWORK_HEADER = YES;
				CLANG_WARN_RANGE_LOOP_ANALYSIS = YES;
				CLANG_WARN_STRICT_PROTOTYPES = YES;
				CLANG_WARN_SUSPICIOUS_MOVE = YES;
				CLANG_WARN_UNGUARDED_AVAILABILITY = YES_AGGRESSIVE;
				CLANG_WARN_UNREACHABLE_CODE = YES;
				CLANG_WARN__DUPLICATE_METHOD_MATCH = YES;
				COPY_PHASE_STRIP = NO;
				DEBUG_INFORMATION_FORMAT = dwarf;
				ENABLE_STRICT_OBJC_MSGSEND = YES;
				ENABLE_TESTABILITY = YES;
				GCC_C_LANGUAGE_STANDARD = gnu11;
				GCC_DYNAMIC_NO_PIC = NO;
				GCC_NO_COMMON_BLOCKS = YES;
				GCC_OPTIMIZATION_LEVEL = 0;
				GCC_PREPROCESSOR_DEFINITIONS = (
					"DEBUG=1",
					"$(inherited)",
				);
				GCC_WARN_64_TO_32_BIT_CONVERSION = YES;
				GCC_WARN_ABOUT_RETURN_TYPE = YES_ERROR;
				GCC_WARN_UNDECLARED_SELECTOR = YES;
				GCC_WARN_UNINITIALIZED_AUTOS = YES_AGGRESSIVE;
				GCC_WARN_UNUSED_FUNCTION = YES;
				GCC_WARN_UNUSED_VARIABLE = YES;
				IPHONEOS_DEPLOYMENT_TARGET = 15.2;
				MTL_ENABLE_DEBUG_INFO = INCLUDE_SOURCE;
				MTL_FAST_MATH = YES;
				ONLY_ACTIVE_ARCH = YES;
				SDKROOT = iphoneos;
				SWIFT_ACTIVE_COMPILATION_CONDITIONS = DEBUG;
				SWIFT_OPTIMIZATION_LEVEL = "-Onone";
			};
			name = Debug;
		};
		D08622FC27F3AC3C00BFE986 /* Release */ = {
			isa = XCBuildConfiguration;
			buildSettings = {
				ALWAYS_SEARCH_USER_PATHS = NO;
				CLANG_ANALYZER_NONNULL = YES;
				CLANG_ANALYZER_NUMBER_OBJECT_CONVERSION = YES_AGGRESSIVE;
				CLANG_CXX_LANGUAGE_STANDARD = "gnu++17";
				CLANG_CXX_LIBRARY = "libc++";
				CLANG_ENABLE_MODULES = YES;
				CLANG_ENABLE_OBJC_ARC = YES;
				CLANG_ENABLE_OBJC_WEAK = YES;
				CLANG_WARN_BLOCK_CAPTURE_AUTORELEASING = YES;
				CLANG_WARN_BOOL_CONVERSION = YES;
				CLANG_WARN_COMMA = YES;
				CLANG_WARN_CONSTANT_CONVERSION = YES;
				CLANG_WARN_DEPRECATED_OBJC_IMPLEMENTATIONS = YES;
				CLANG_WARN_DIRECT_OBJC_ISA_USAGE = YES_ERROR;
				CLANG_WARN_DOCUMENTATION_COMMENTS = YES;
				CLANG_WARN_EMPTY_BODY = YES;
				CLANG_WARN_ENUM_CONVERSION = YES;
				CLANG_WARN_INFINITE_RECURSION = YES;
				CLANG_WARN_INT_CONVERSION = YES;
				CLANG_WARN_NON_LITERAL_NULL_CONVERSION = YES;
				CLANG_WARN_OBJC_IMPLICIT_RETAIN_SELF = YES;
				CLANG_WARN_OBJC_LITERAL_CONVERSION = YES;
				CLANG_WARN_OBJC_ROOT_CLASS = YES_ERROR;
				CLANG_WARN_QUOTED_INCLUDE_IN_FRAMEWORK_HEADER = YES;
				CLANG_WARN_RANGE_LOOP_ANALYSIS = YES;
				CLANG_WARN_STRICT_PROTOTYPES = YES;
				CLANG_WARN_SUSPICIOUS_MOVE = YES;
				CLANG_WARN_UNGUARDED_AVAILABILITY = YES_AGGRESSIVE;
				CLANG_WARN_UNREACHABLE_CODE = YES;
				CLANG_WARN__DUPLICATE_METHOD_MATCH = YES;
				COPY_PHASE_STRIP = NO;
				DEBUG_INFORMATION_FORMAT = "dwarf-with-dsym";
				ENABLE_NS_ASSERTIONS = NO;
				ENABLE_STRICT_OBJC_MSGSEND = YES;
				GCC_C_LANGUAGE_STANDARD = gnu11;
				GCC_NO_COMMON_BLOCKS = YES;
				GCC_WARN_64_TO_32_BIT_CONVERSION = YES;
				GCC_WARN_ABOUT_RETURN_TYPE = YES_ERROR;
				GCC_WARN_UNDECLARED_SELECTOR = YES;
				GCC_WARN_UNINITIALIZED_AUTOS = YES_AGGRESSIVE;
				GCC_WARN_UNUSED_FUNCTION = YES;
				GCC_WARN_UNUSED_VARIABLE = YES;
				IPHONEOS_DEPLOYMENT_TARGET = 15.2;
				MTL_ENABLE_DEBUG_INFO = NO;
				MTL_FAST_MATH = YES;
				SDKROOT = iphoneos;
				SWIFT_COMPILATION_MODE = wholemodule;
				SWIFT_OPTIMIZATION_LEVEL = "-O";
				VALIDATE_PRODUCT = YES;
			};
			name = Release;
		};
		D08622FE27F3AC3C00BFE986 /* Debug */ = {
			isa = XCBuildConfiguration;
			buildSettings = {
				ASSETCATALOG_COMPILER_APPICON_NAME = AppIcon;
				ASSETCATALOG_COMPILER_GLOBAL_ACCENT_COLOR_NAME = AccentColor;
				CODE_SIGN_ENTITLEMENTS = StoreDAYS/StoreDAYS.entitlements;
				CODE_SIGN_IDENTITY = "Apple Development";
				CODE_SIGN_STYLE = Manual;
				CURRENT_PROJECT_VERSION = 1;
				DEVELOPMENT_ASSET_PATHS = "\"StoreDAYS/Preview Content\"";
				DEVELOPMENT_TEAM = YF9V9JAWLK;
				ENABLE_PREVIEWS = YES;
				GENERATE_INFOPLIST_FILE = YES;
				INFOPLIST_FILE = StoreDAYS/Info.plist;
				INFOPLIST_KEY_UIApplicationSceneManifest_Generation = YES;
				INFOPLIST_KEY_UIApplicationSupportsIndirectInputEvents = YES;
				INFOPLIST_KEY_UILaunchScreen_Generation = YES;
				INFOPLIST_KEY_UISupportedInterfaceOrientations_iPad = "UIInterfaceOrientationPortrait UIInterfaceOrientationPortraitUpsideDown UIInterfaceOrientationLandscapeLeft UIInterfaceOrientationLandscapeRight";
				INFOPLIST_KEY_UISupportedInterfaceOrientations_iPhone = "UIInterfaceOrientationPortrait UIInterfaceOrientationLandscapeLeft UIInterfaceOrientationLandscapeRight";
				IPHONEOS_DEPLOYMENT_TARGET = 15.0;
				LD_RUNPATH_SEARCH_PATHS = (
					"$(inherited)",
					"@executable_path/Frameworks",
				);
				MARKETING_VERSION = 1.0;
				PRODUCT_BUNDLE_IDENTIFIER = com.revature.StoreDAYS;
				PRODUCT_NAME = "$(TARGET_NAME)";
				PROVISIONING_PROFILE_SPECIFIER = "";
				SWIFT_EMIT_LOC_STRINGS = YES;
				SWIFT_VERSION = 5.0;
				TARGETED_DEVICE_FAMILY = "1,2";
			};
			name = Debug;
		};
		D08622FF27F3AC3C00BFE986 /* Release */ = {
			isa = XCBuildConfiguration;
			buildSettings = {
				ASSETCATALOG_COMPILER_APPICON_NAME = AppIcon;
				ASSETCATALOG_COMPILER_GLOBAL_ACCENT_COLOR_NAME = AccentColor;
				CODE_SIGN_ENTITLEMENTS = StoreDAYS/StoreDAYS.entitlements;
				CODE_SIGN_IDENTITY = "Apple Development";
				CODE_SIGN_STYLE = Manual;
				CURRENT_PROJECT_VERSION = 1;
				DEVELOPMENT_ASSET_PATHS = "\"StoreDAYS/Preview Content\"";
				DEVELOPMENT_TEAM = "";
				ENABLE_PREVIEWS = YES;
				GENERATE_INFOPLIST_FILE = YES;
				INFOPLIST_FILE = StoreDAYS/Info.plist;
				INFOPLIST_KEY_UIApplicationSceneManifest_Generation = YES;
				INFOPLIST_KEY_UIApplicationSupportsIndirectInputEvents = YES;
				INFOPLIST_KEY_UILaunchScreen_Generation = YES;
				INFOPLIST_KEY_UISupportedInterfaceOrientations_iPad = "UIInterfaceOrientationPortrait UIInterfaceOrientationPortraitUpsideDown UIInterfaceOrientationLandscapeLeft UIInterfaceOrientationLandscapeRight";
				INFOPLIST_KEY_UISupportedInterfaceOrientations_iPhone = "UIInterfaceOrientationPortrait UIInterfaceOrientationLandscapeLeft UIInterfaceOrientationLandscapeRight";
				IPHONEOS_DEPLOYMENT_TARGET = 15.0;
				LD_RUNPATH_SEARCH_PATHS = (
					"$(inherited)",
					"@executable_path/Frameworks",
				);
				MARKETING_VERSION = 1.0;
				PRODUCT_BUNDLE_IDENTIFIER = com.revature.StoreDAYS;
				PRODUCT_NAME = "$(TARGET_NAME)";
				PROVISIONING_PROFILE_SPECIFIER = "";
				SWIFT_EMIT_LOC_STRINGS = YES;
				SWIFT_VERSION = 5.0;
				TARGETED_DEVICE_FAMILY = "1,2";
			};
			name = Release;
		};
		D086230127F3AC3C00BFE986 /* Debug */ = {
			isa = XCBuildConfiguration;
			buildSettings = {
				ALWAYS_EMBED_SWIFT_STANDARD_LIBRARIES = YES;
				BUNDLE_LOADER = "$(TEST_HOST)";
				CODE_SIGN_STYLE = Automatic;
				CURRENT_PROJECT_VERSION = 1;
				GENERATE_INFOPLIST_FILE = YES;
				IPHONEOS_DEPLOYMENT_TARGET = 15.2;
				MARKETING_VERSION = 1.0;
				PRODUCT_BUNDLE_IDENTIFIER = com.revature.StoreDAYSTests;
				PRODUCT_NAME = "$(TARGET_NAME)";
				SWIFT_EMIT_LOC_STRINGS = NO;
				SWIFT_VERSION = 5.0;
				TARGETED_DEVICE_FAMILY = "1,2";
				TEST_HOST = "$(BUILT_PRODUCTS_DIR)/StoreDAYS.app/StoreDAYS";
			};
			name = Debug;
		};
		D086230227F3AC3C00BFE986 /* Release */ = {
			isa = XCBuildConfiguration;
			buildSettings = {
				ALWAYS_EMBED_SWIFT_STANDARD_LIBRARIES = YES;
				BUNDLE_LOADER = "$(TEST_HOST)";
				CODE_SIGN_STYLE = Automatic;
				CURRENT_PROJECT_VERSION = 1;
				GENERATE_INFOPLIST_FILE = YES;
				IPHONEOS_DEPLOYMENT_TARGET = 15.2;
				MARKETING_VERSION = 1.0;
				PRODUCT_BUNDLE_IDENTIFIER = com.revature.StoreDAYSTests;
				PRODUCT_NAME = "$(TARGET_NAME)";
				SWIFT_EMIT_LOC_STRINGS = NO;
				SWIFT_VERSION = 5.0;
				TARGETED_DEVICE_FAMILY = "1,2";
				TEST_HOST = "$(BUILT_PRODUCTS_DIR)/StoreDAYS.app/StoreDAYS";
			};
			name = Release;
		};
		D086230427F3AC3C00BFE986 /* Debug */ = {
			isa = XCBuildConfiguration;
			buildSettings = {
				ALWAYS_EMBED_SWIFT_STANDARD_LIBRARIES = YES;
				CODE_SIGN_STYLE = Automatic;
				CURRENT_PROJECT_VERSION = 1;
				DEVELOPMENT_TEAM = 9HTDMSZ5PX;
				GENERATE_INFOPLIST_FILE = YES;
				MARKETING_VERSION = 1.0;
				PRODUCT_BUNDLE_IDENTIFIER = com.revature.StoreDAYSUITests;
				PRODUCT_NAME = "$(TARGET_NAME)";
				SWIFT_EMIT_LOC_STRINGS = NO;
				SWIFT_VERSION = 5.0;
				TARGETED_DEVICE_FAMILY = "1,2";
				TEST_TARGET_NAME = StoreDAYS;
			};
			name = Debug;
		};
		D086230527F3AC3C00BFE986 /* Release */ = {
			isa = XCBuildConfiguration;
			buildSettings = {
				ALWAYS_EMBED_SWIFT_STANDARD_LIBRARIES = YES;
				CODE_SIGN_STYLE = Automatic;
				CURRENT_PROJECT_VERSION = 1;
				DEVELOPMENT_TEAM = 9HTDMSZ5PX;
				GENERATE_INFOPLIST_FILE = YES;
				MARKETING_VERSION = 1.0;
				PRODUCT_BUNDLE_IDENTIFIER = com.revature.StoreDAYSUITests;
				PRODUCT_NAME = "$(TARGET_NAME)";
				SWIFT_EMIT_LOC_STRINGS = NO;
				SWIFT_VERSION = 5.0;
				TARGETED_DEVICE_FAMILY = "1,2";
				TEST_TARGET_NAME = StoreDAYS;
			};
			name = Release;
		};
/* End XCBuildConfiguration section */

/* Begin XCConfigurationList section */
		D08622CF27F3AC3A00BFE986 /* Build configuration list for PBXProject "StoreDAYS" */ = {
			isa = XCConfigurationList;
			buildConfigurations = (
				D08622FB27F3AC3C00BFE986 /* Debug */,
				D08622FC27F3AC3C00BFE986 /* Release */,
			);
			defaultConfigurationIsVisible = 0;
			defaultConfigurationName = Release;
		};
		D08622FD27F3AC3C00BFE986 /* Build configuration list for PBXNativeTarget "StoreDAYS" */ = {
			isa = XCConfigurationList;
			buildConfigurations = (
				D08622FE27F3AC3C00BFE986 /* Debug */,
				D08622FF27F3AC3C00BFE986 /* Release */,
			);
			defaultConfigurationIsVisible = 0;
			defaultConfigurationName = Release;
		};
		D086230027F3AC3C00BFE986 /* Build configuration list for PBXNativeTarget "StoreDAYSTests" */ = {
			isa = XCConfigurationList;
			buildConfigurations = (
				D086230127F3AC3C00BFE986 /* Debug */,
				D086230227F3AC3C00BFE986 /* Release */,
			);
			defaultConfigurationIsVisible = 0;
			defaultConfigurationName = Release;
		};
		D086230327F3AC3C00BFE986 /* Build configuration list for PBXNativeTarget "StoreDAYSUITests" */ = {
			isa = XCConfigurationList;
			buildConfigurations = (
				D086230427F3AC3C00BFE986 /* Debug */,
				D086230527F3AC3C00BFE986 /* Release */,
			);
			defaultConfigurationIsVisible = 0;
			defaultConfigurationName = Release;
		};
/* End XCConfigurationList section */

/* Begin XCVersionGroup section */
		D08622E227F3AC3C00BFE986 /* StoreDAYS.xcdatamodeld */ = {
			isa = XCVersionGroup;
			children = (
				D08622E327F3AC3C00BFE986 /* StoreDAYS.xcdatamodel */,
			);
			currentVersion = D08622E327F3AC3C00BFE986 /* StoreDAYS.xcdatamodel */;
			path = StoreDAYS.xcdatamodeld;
			sourceTree = "<group>";
			versionGroupType = wrapper.xcdatamodel;
		};
/* End XCVersionGroup section */
	};
	rootObject = D08622CC27F3AC3A00BFE986 /* Project object */;
}
